// !$*UTF8*$!
{
	archiveVersion = 1;
	classes = {
	};
	objectVersion = 53;
	objects = {

/* Begin PBXBuildFile section */
		2041C65B10053A69EE3C112F /* Pods_CeliklerMarketTests.framework in Frameworks */ = {isa = PBXBuildFile; fileRef = BC7458513080DE0DE90B9A07 /* Pods_CeliklerMarketTests.framework */; };
		2EC4CC1AA16DB7B96A626961 /* Pods_CeliklerMarket_CeliklerMarketUITests.framework in Frameworks */ = {isa = PBXBuildFile; fileRef = 605DABB667A658705AE9A2AE /* Pods_CeliklerMarket_CeliklerMarketUITests.framework */; };
		739E23AE64AE7BFFD00F5AD4 /* Pods_CeliklerMarket.framework in Frameworks */ = {isa = PBXBuildFile; fileRef = 38027B3968E697A3229FB816 /* Pods_CeliklerMarket.framework */; };
		8803873B245CB6640075F70A /* AppDelegate.swift in Sources */ = {isa = PBXBuildFile; fileRef = 8803873A245CB6640075F70A /* AppDelegate.swift */; };
		8803873D245CB6640075F70A /* SceneDelegate.swift in Sources */ = {isa = PBXBuildFile; fileRef = 8803873C245CB6640075F70A /* SceneDelegate.swift */; };
		8803873F245CB6640075F70A /* ViewController.swift in Sources */ = {isa = PBXBuildFile; fileRef = 8803873E245CB6640075F70A /* ViewController.swift */; };
		88038752245CB6660075F70A /* CeliklerMarketTests.swift in Sources */ = {isa = PBXBuildFile; fileRef = 88038751245CB6660075F70A /* CeliklerMarketTests.swift */; };
		8803875D245CB6660075F70A /* CeliklerMarketUITests.swift in Sources */ = {isa = PBXBuildFile; fileRef = 8803875C245CB6660075F70A /* CeliklerMarketUITests.swift */; };
		882BA10D248821D2001843E6 /* Models.swift in Sources */ = {isa = PBXBuildFile; fileRef = 882BA10C248821D2001843E6 /* Models.swift */; };
		882BA10F248821F0001843E6 /* ApiService.swift in Sources */ = {isa = PBXBuildFile; fileRef = 882BA10E248821F0001843E6 /* ApiService.swift */; };
		8843238624BE2D8700FE7DFC /* catCollectionViewCell.swift in Sources */ = {isa = PBXBuildFile; fileRef = 8843238524BE2D8700FE7DFC /* catCollectionViewCell.swift */; };
		88555810248BFB4600B3A7D3 /* OrderDetailViewController.swift in Sources */ = {isa = PBXBuildFile; fileRef = 8855580F248BFB4600B3A7D3 /* OrderDetailViewController.swift */; };
		88555812248C2F7000B3A7D3 /* addressViewController.swift in Sources */ = {isa = PBXBuildFile; fileRef = 88555811248C2F6F00B3A7D3 /* addressViewController.swift */; };
		88555814248C742F00B3A7D3 /* accountViewController.swift in Sources */ = {isa = PBXBuildFile; fileRef = 88555813248C742C00B3A7D3 /* accountViewController.swift */; };
		8859CAAC24833F2C002EDB5A /* NotificationService.swift in Sources */ = {isa = PBXBuildFile; fileRef = 8859CAAB24833F2C002EDB5A /* NotificationService.swift */; };
		8859CAB024833F2C002EDB5A /* Ozgurnd.appex in Embed App Extensions */ = {isa = PBXBuildFile; fileRef = 8859CAA924833F2C002EDB5A /* Ozgurnd.appex */; settings = {ATTRIBUTES = (RemoveHeadersOnCopy, ); }; };
		885AC6A2248B051700C72869 /* LaunchScreen.storyboard in Resources */ = {isa = PBXBuildFile; fileRef = 88038745245CB6660075F70A /* LaunchScreen.storyboard */; };
		885AED36247AB95200820E86 /* Main.storyboard in Resources */ = {isa = PBXBuildFile; fileRef = 88038740245CB6640075F70A /* Main.storyboard */; };
		885AED37247AC06F00820E86 /* GoogleService-Info.plist in Resources */ = {isa = PBXBuildFile; fileRef = 885AED34247AB6F100820E86 /* GoogleService-Info.plist */; };
		885AED38247AC08400820E86 /* Assets.xcassets in Resources */ = {isa = PBXBuildFile; fileRef = 88038743245CB6660075F70A /* Assets.xcassets */; };
		885CE9F3248AC44000ABACA3 /* dateViewController.swift in Sources */ = {isa = PBXBuildFile; fileRef = 885CE9F2248AC44000ABACA3 /* dateViewController.swift */; };
		885D6EB324811B4800806DD0 /* DeliveryAddressViewController.swift in Sources */ = {isa = PBXBuildFile; fileRef = 885D6EB224811B4800806DD0 /* DeliveryAddressViewController.swift */; };
		885D6EB5248187C600806DD0 /* SpecialOrderViewController.swift in Sources */ = {isa = PBXBuildFile; fileRef = 885D6EB4248187C600806DD0 /* SpecialOrderViewController.swift */; };
		885D9A6B2498FFA5003CAD00 /* rootViewController.swift in Sources */ = {isa = PBXBuildFile; fileRef = 885D9A6A2498FFA5003CAD00 /* rootViewController.swift */; };
		88648A8C248EB1C6006C7380 /* ContactViewController.swift in Sources */ = {isa = PBXBuildFile; fileRef = 88648A8B248EB1C6006C7380 /* ContactViewController.swift */; };
		8872ED742474203F000F0BA1 /* ProductCollectionViewCell.swift in Sources */ = {isa = PBXBuildFile; fileRef = 8872ED732474203F000F0BA1 /* ProductCollectionViewCell.swift */; };
		88786DB6246F2A4800D8EB9D /* SubCategoryViewController.swift in Sources */ = {isa = PBXBuildFile; fileRef = 88786DB5246F2A4800D8EB9D /* SubCategoryViewController.swift */; };
		887946FC246B496B003E522B /* CategoriesViewController.swift in Sources */ = {isa = PBXBuildFile; fileRef = 887946FB246B496B003E522B /* CategoriesViewController.swift */; };
		888C56652490FDD20094A9C5 /* productDetailsViewController.swift in Sources */ = {isa = PBXBuildFile; fileRef = 888C56642490FDD20094A9C5 /* productDetailsViewController.swift */; };
		888C5667249116A30094A9C5 /* notificationPageViewController.swift in Sources */ = {isa = PBXBuildFile; fileRef = 888C5666249116A30094A9C5 /* notificationPageViewController.swift */; };
		889C7F82248AA114004AF244 /* paymentViewController.swift in Sources */ = {isa = PBXBuildFile; fileRef = 889C7F81248AA114004AF244 /* paymentViewController.swift */; };
		889C7F84248AAE82004AF244 /* timeViewController.swift in Sources */ = {isa = PBXBuildFile; fileRef = 889C7F83248AAE82004AF244 /* timeViewController.swift */; };
		889C7F86248AAE8E004AF244 /* dayViewController.swift in Sources */ = {isa = PBXBuildFile; fileRef = 889C7F85248AAE8E004AF244 /* dayViewController.swift */; };
		88A29E8C24844587006BF665 /* OrdersViewController.swift in Sources */ = {isa = PBXBuildFile; fileRef = 88A29E8B24844587006BF665 /* OrdersViewController.swift */; };
		88A34F99248A6FC5006D2CF0 /* CardsViewController.swift in Sources */ = {isa = PBXBuildFile; fileRef = 88A34F98248A6FC5006D2CF0 /* CardsViewController.swift */; };
		88A86AAE248957A500D09355 /* productsTableViewCell.swift in Sources */ = {isa = PBXBuildFile; fileRef = 88A86AAD248957A500D09355 /* productsTableViewCell.swift */; };
		88A86AB12489635100D09355 /* Model.xcdatamodeld in Sources */ = {isa = PBXBuildFile; fileRef = 88A86AAF2489635100D09355 /* Model.xcdatamodeld */; };
/* End PBXBuildFile section */

/* Begin PBXContainerItemProxy section */
		8803874E245CB6660075F70A /* PBXContainerItemProxy */ = {
			isa = PBXContainerItemProxy;
			containerPortal = 8803872F245CB6640075F70A /* Project object */;
			proxyType = 1;
			remoteGlobalIDString = 88038736245CB6640075F70A;
			remoteInfo = CeliklerMarket;
		};
		88038759245CB6660075F70A /* PBXContainerItemProxy */ = {
			isa = PBXContainerItemProxy;
			containerPortal = 8803872F245CB6640075F70A /* Project object */;
			proxyType = 1;
			remoteGlobalIDString = 88038736245CB6640075F70A;
			remoteInfo = CeliklerMarket;
		};
		8859CAAE24833F2C002EDB5A /* PBXContainerItemProxy */ = {
			isa = PBXContainerItemProxy;
			containerPortal = 8803872F245CB6640075F70A /* Project object */;
			proxyType = 1;
			remoteGlobalIDString = 8859CAA824833F2C002EDB5A;
			remoteInfo = Ozgurnd;
		};
/* End PBXContainerItemProxy section */

/* Begin PBXCopyFilesBuildPhase section */
		8859CAB124833F2C002EDB5A /* Embed App Extensions */ = {
			isa = PBXCopyFilesBuildPhase;
			buildActionMask = 2147483647;
			dstPath = "";
			dstSubfolderSpec = 13;
			files = (
				8859CAB024833F2C002EDB5A /* Ozgurnd.appex in Embed App Extensions */,
			);
			name = "Embed App Extensions";
			runOnlyForDeploymentPostprocessing = 0;
		};
/* End PBXCopyFilesBuildPhase section */

/* Begin PBXFileReference section */
		0E145CBF60365AD88E39C2EE /* Pods-CeliklerMarket-CeliklerMarketUITests.release.xcconfig */ = {isa = PBXFileReference; includeInIndex = 1; lastKnownFileType = text.xcconfig; name = "Pods-CeliklerMarket-CeliklerMarketUITests.release.xcconfig"; path = "Target Support Files/Pods-CeliklerMarket-CeliklerMarketUITests/Pods-CeliklerMarket-CeliklerMarketUITests.release.xcconfig"; sourceTree = "<group>"; };
		38027B3968E697A3229FB816 /* Pods_CeliklerMarket.framework */ = {isa = PBXFileReference; explicitFileType = wrapper.framework; includeInIndex = 0; path = Pods_CeliklerMarket.framework; sourceTree = BUILT_PRODUCTS_DIR; };
		45F823A9ABBE1A4E4719BE6E /* Pods-CeliklerMarket.debug.xcconfig */ = {isa = PBXFileReference; includeInIndex = 1; lastKnownFileType = text.xcconfig; name = "Pods-CeliklerMarket.debug.xcconfig"; path = "Target Support Files/Pods-CeliklerMarket/Pods-CeliklerMarket.debug.xcconfig"; sourceTree = "<group>"; };
		5DB9306B989486075ADFC56A /* Pods-CeliklerMarket.release.xcconfig */ = {isa = PBXFileReference; includeInIndex = 1; lastKnownFileType = text.xcconfig; name = "Pods-CeliklerMarket.release.xcconfig"; path = "Target Support Files/Pods-CeliklerMarket/Pods-CeliklerMarket.release.xcconfig"; sourceTree = "<group>"; };
		605DABB667A658705AE9A2AE /* Pods_CeliklerMarket_CeliklerMarketUITests.framework */ = {isa = PBXFileReference; explicitFileType = wrapper.framework; includeInIndex = 0; path = Pods_CeliklerMarket_CeliklerMarketUITests.framework; sourceTree = BUILT_PRODUCTS_DIR; };
		71DBE6DF71E799B3BC52FC37 /* Pods-CeliklerMarket-CeliklerMarketUITests.debug.xcconfig */ = {isa = PBXFileReference; includeInIndex = 1; lastKnownFileType = text.xcconfig; name = "Pods-CeliklerMarket-CeliklerMarketUITests.debug.xcconfig"; path = "Target Support Files/Pods-CeliklerMarket-CeliklerMarketUITests/Pods-CeliklerMarket-CeliklerMarketUITests.debug.xcconfig"; sourceTree = "<group>"; };
		88038737245CB6640075F70A /* CeliklerMarket.app */ = {isa = PBXFileReference; explicitFileType = wrapper.application; includeInIndex = 0; path = CeliklerMarket.app; sourceTree = BUILT_PRODUCTS_DIR; };
		8803873A245CB6640075F70A /* AppDelegate.swift */ = {isa = PBXFileReference; lastKnownFileType = sourcecode.swift; path = AppDelegate.swift; sourceTree = "<group>"; };
		8803873C245CB6640075F70A /* SceneDelegate.swift */ = {isa = PBXFileReference; lastKnownFileType = sourcecode.swift; path = SceneDelegate.swift; sourceTree = "<group>"; };
		8803873E245CB6640075F70A /* ViewController.swift */ = {isa = PBXFileReference; lastKnownFileType = sourcecode.swift; path = ViewController.swift; sourceTree = "<group>"; };
		88038741245CB6640075F70A /* Base */ = {isa = PBXFileReference; lastKnownFileType = file.storyboard; name = Base; path = Base.lproj/Main.storyboard; sourceTree = "<group>"; };
		88038743245CB6660075F70A /* Assets.xcassets */ = {isa = PBXFileReference; lastKnownFileType = folder.assetcatalog; path = Assets.xcassets; sourceTree = "<group>"; };
		88038746245CB6660075F70A /* Base */ = {isa = PBXFileReference; lastKnownFileType = file.storyboard; name = Base; path = Base.lproj/LaunchScreen.storyboard; sourceTree = "<group>"; };
		88038748245CB6660075F70A /* Info.plist */ = {isa = PBXFileReference; lastKnownFileType = text.plist.xml; path = Info.plist; sourceTree = "<group>"; };
		8803874D245CB6660075F70A /* CeliklerMarketTests.xctest */ = {isa = PBXFileReference; explicitFileType = wrapper.cfbundle; includeInIndex = 0; path = CeliklerMarketTests.xctest; sourceTree = BUILT_PRODUCTS_DIR; };
		88038751245CB6660075F70A /* CeliklerMarketTests.swift */ = {isa = PBXFileReference; lastKnownFileType = sourcecode.swift; path = CeliklerMarketTests.swift; sourceTree = "<group>"; };
		88038753245CB6660075F70A /* Info.plist */ = {isa = PBXFileReference; lastKnownFileType = text.plist.xml; path = Info.plist; sourceTree = "<group>"; };
		88038758245CB6660075F70A /* CeliklerMarketUITests.xctest */ = {isa = PBXFileReference; explicitFileType = wrapper.cfbundle; includeInIndex = 0; path = CeliklerMarketUITests.xctest; sourceTree = BUILT_PRODUCTS_DIR; };
		8803875C245CB6660075F70A /* CeliklerMarketUITests.swift */ = {isa = PBXFileReference; lastKnownFileType = sourcecode.swift; path = CeliklerMarketUITests.swift; sourceTree = "<group>"; };
		8803875E245CB6660075F70A /* Info.plist */ = {isa = PBXFileReference; lastKnownFileType = text.plist.xml; path = Info.plist; sourceTree = "<group>"; };
		882BA10C248821D2001843E6 /* Models.swift */ = {isa = PBXFileReference; lastKnownFileType = sourcecode.swift; path = Models.swift; sourceTree = "<group>"; };
		882BA10E248821F0001843E6 /* ApiService.swift */ = {isa = PBXFileReference; lastKnownFileType = sourcecode.swift; path = ApiService.swift; sourceTree = "<group>"; };
		8843238524BE2D8700FE7DFC /* catCollectionViewCell.swift */ = {isa = PBXFileReference; lastKnownFileType = sourcecode.swift; name = catCollectionViewCell.swift; path = ../../catCollectionViewCell.swift; sourceTree = "<group>"; };
		884DEBD524BCCF6B001B9499 /* tr-TR */ = {isa = PBXFileReference; lastKnownFileType = text.plist.strings; name = "tr-TR"; path = "tr-TR.lproj/LaunchScreen.strings"; sourceTree = "<group>"; };
		884DEBD624BD070D001B9499 /* en */ = {isa = PBXFileReference; lastKnownFileType = text.plist.strings; name = en; path = en.lproj/Main.strings; sourceTree = "<group>"; };
		884DEBD724BD072B001B9499 /* tr-TR */ = {isa = PBXFileReference; lastKnownFileType = text.plist.strings; name = "tr-TR"; path = "tr-TR.lproj/Main.strings"; sourceTree = "<group>"; };
		8855580F248BFB4600B3A7D3 /* OrderDetailViewController.swift */ = {isa = PBXFileReference; lastKnownFileType = sourcecode.swift; path = OrderDetailViewController.swift; sourceTree = "<group>"; };
		88555811248C2F6F00B3A7D3 /* addressViewController.swift */ = {isa = PBXFileReference; lastKnownFileType = sourcecode.swift; path = addressViewController.swift; sourceTree = "<group>"; };
		88555813248C742C00B3A7D3 /* accountViewController.swift */ = {isa = PBXFileReference; lastKnownFileType = sourcecode.swift; path = accountViewController.swift; sourceTree = "<group>"; };
		8859CAA924833F2C002EDB5A /* Ozgurnd.appex */ = {isa = PBXFileReference; explicitFileType = "wrapper.app-extension"; includeInIndex = 0; path = Ozgurnd.appex; sourceTree = BUILT_PRODUCTS_DIR; };
		8859CAAB24833F2C002EDB5A /* NotificationService.swift */ = {isa = PBXFileReference; lastKnownFileType = sourcecode.swift; path = NotificationService.swift; sourceTree = "<group>"; };
		8859CAAD24833F2C002EDB5A /* Info.plist */ = {isa = PBXFileReference; lastKnownFileType = text.plist.xml; path = Info.plist; sourceTree = "<group>"; };
		885AED34247AB6F100820E86 /* GoogleService-Info.plist */ = {isa = PBXFileReference; fileEncoding = 4; lastKnownFileType = text.plist.xml; name = "GoogleService-Info.plist"; path = "../../../../Downloads/GoogleService-Info.plist"; sourceTree = "<group>"; };
		885CE9F2248AC44000ABACA3 /* dateViewController.swift */ = {isa = PBXFileReference; lastKnownFileType = sourcecode.swift; path = dateViewController.swift; sourceTree = "<group>"; };
		885D6EB224811B4800806DD0 /* DeliveryAddressViewController.swift */ = {isa = PBXFileReference; lastKnownFileType = sourcecode.swift; path = DeliveryAddressViewController.swift; sourceTree = "<group>"; };
		885D6EB4248187C600806DD0 /* SpecialOrderViewController.swift */ = {isa = PBXFileReference; lastKnownFileType = sourcecode.swift; path = SpecialOrderViewController.swift; sourceTree = "<group>"; };
		885D9A6A2498FFA5003CAD00 /* rootViewController.swift */ = {isa = PBXFileReference; lastKnownFileType = sourcecode.swift; path = rootViewController.swift; sourceTree = "<group>"; };
		88648A8B248EB1C6006C7380 /* ContactViewController.swift */ = {isa = PBXFileReference; lastKnownFileType = sourcecode.swift; path = ContactViewController.swift; sourceTree = "<group>"; };
		8872ED732474203F000F0BA1 /* ProductCollectionViewCell.swift */ = {isa = PBXFileReference; lastKnownFileType = sourcecode.swift; path = ProductCollectionViewCell.swift; sourceTree = "<group>"; };
		88786DB5246F2A4800D8EB9D /* SubCategoryViewController.swift */ = {isa = PBXFileReference; lastKnownFileType = sourcecode.swift; path = SubCategoryViewController.swift; sourceTree = "<group>"; };
		887946FA246ADF7A003E522B /* CeliklerMarket.entitlements */ = {isa = PBXFileReference; lastKnownFileType = text.plist.entitlements; path = CeliklerMarket.entitlements; sourceTree = "<group>"; };
		887946FB246B496B003E522B /* CategoriesViewController.swift */ = {isa = PBXFileReference; lastKnownFileType = sourcecode.swift; path = CategoriesViewController.swift; sourceTree = "<group>"; };
		88825CA224BFB31A00B8211B /* Ozgurnd.entitlements */ = {isa = PBXFileReference; lastKnownFileType = text.plist.entitlements; path = Ozgurnd.entitlements; sourceTree = "<group>"; };
		888C56642490FDD20094A9C5 /* productDetailsViewController.swift */ = {isa = PBXFileReference; lastKnownFileType = sourcecode.swift; path = productDetailsViewController.swift; sourceTree = "<group>"; };
		888C5666249116A30094A9C5 /* notificationPageViewController.swift */ = {isa = PBXFileReference; lastKnownFileType = sourcecode.swift; path = notificationPageViewController.swift; sourceTree = "<group>"; };
		889C7F81248AA114004AF244 /* paymentViewController.swift */ = {isa = PBXFileReference; lastKnownFileType = sourcecode.swift; path = paymentViewController.swift; sourceTree = "<group>"; };
		889C7F83248AAE82004AF244 /* timeViewController.swift */ = {isa = PBXFileReference; lastKnownFileType = sourcecode.swift; path = timeViewController.swift; sourceTree = "<group>"; };
		889C7F85248AAE8E004AF244 /* dayViewController.swift */ = {isa = PBXFileReference; lastKnownFileType = sourcecode.swift; path = dayViewController.swift; sourceTree = "<group>"; };
		88A29E8B24844587006BF665 /* OrdersViewController.swift */ = {isa = PBXFileReference; lastKnownFileType = sourcecode.swift; path = OrdersViewController.swift; sourceTree = "<group>"; };
		88A34F98248A6FC5006D2CF0 /* CardsViewController.swift */ = {isa = PBXFileReference; lastKnownFileType = sourcecode.swift; path = CardsViewController.swift; sourceTree = "<group>"; };
		88A86AAD248957A500D09355 /* productsTableViewCell.swift */ = {isa = PBXFileReference; lastKnownFileType = sourcecode.swift; path = productsTableViewCell.swift; sourceTree = "<group>"; };
		88A86AB02489635100D09355 /* Model.xcdatamodel */ = {isa = PBXFileReference; lastKnownFileType = wrapper.xcdatamodel; path = Model.xcdatamodel; sourceTree = "<group>"; };
		88B2646E2479CE4500FD6303 /* CeliklerMarket */ = {isa = PBXFileReference; lastKnownFileType = folder; path = CeliklerMarket; sourceTree = "<group>"; };
		A4DC7DDDE9E0E5DE13312E1D /* Pods-CeliklerMarketTests.debug.xcconfig */ = {isa = PBXFileReference; includeInIndex = 1; lastKnownFileType = text.xcconfig; name = "Pods-CeliklerMarketTests.debug.xcconfig"; path = "Target Support Files/Pods-CeliklerMarketTests/Pods-CeliklerMarketTests.debug.xcconfig"; sourceTree = "<group>"; };
		BC7458513080DE0DE90B9A07 /* Pods_CeliklerMarketTests.framework */ = {isa = PBXFileReference; explicitFileType = wrapper.framework; includeInIndex = 0; path = Pods_CeliklerMarketTests.framework; sourceTree = BUILT_PRODUCTS_DIR; };
		F5C531C66FA24312155DF0B4 /* Pods-CeliklerMarketTests.release.xcconfig */ = {isa = PBXFileReference; includeInIndex = 1; lastKnownFileType = text.xcconfig; name = "Pods-CeliklerMarketTests.release.xcconfig"; path = "Target Support Files/Pods-CeliklerMarketTests/Pods-CeliklerMarketTests.release.xcconfig"; sourceTree = "<group>"; };
/* End PBXFileReference section */

/* Begin PBXFrameworksBuildPhase section */
		88038734245CB6640075F70A /* Frameworks */ = {
			isa = PBXFrameworksBuildPhase;
			buildActionMask = 2147483647;
			files = (
				739E23AE64AE7BFFD00F5AD4 /* Pods_CeliklerMarket.framework in Frameworks */,
			);
			runOnlyForDeploymentPostprocessing = 0;
		};
		8803874A245CB6660075F70A /* Frameworks */ = {
			isa = PBXFrameworksBuildPhase;
			buildActionMask = 2147483647;
			files = (
				2041C65B10053A69EE3C112F /* Pods_CeliklerMarketTests.framework in Frameworks */,
			);
			runOnlyForDeploymentPostprocessing = 0;
		};
		88038755245CB6660075F70A /* Frameworks */ = {
			isa = PBXFrameworksBuildPhase;
			buildActionMask = 2147483647;
			files = (
				2EC4CC1AA16DB7B96A626961 /* Pods_CeliklerMarket_CeliklerMarketUITests.framework in Frameworks */,
			);
			runOnlyForDeploymentPostprocessing = 0;
		};
		8859CAA624833F2C002EDB5A /* Frameworks */ = {
			isa = PBXFrameworksBuildPhase;
			buildActionMask = 2147483647;
			files = (
			);
			runOnlyForDeploymentPostprocessing = 0;
		};
/* End PBXFrameworksBuildPhase section */

/* Begin PBXGroup section */
		6D44A26A5417D922C2CED8AB /* Frameworks */ = {
			isa = PBXGroup;
			children = (
				38027B3968E697A3229FB816 /* Pods_CeliklerMarket.framework */,
				605DABB667A658705AE9A2AE /* Pods_CeliklerMarket_CeliklerMarketUITests.framework */,
				BC7458513080DE0DE90B9A07 /* Pods_CeliklerMarketTests.framework */,
			);
			name = Frameworks;
			sourceTree = "<group>";
		};
		8803872E245CB6640075F70A = {
			isa = PBXGroup;
			children = (
				88038739245CB6640075F70A /* CeliklerMarket */,
				88038750245CB6660075F70A /* CeliklerMarketTests */,
				8803875B245CB6660075F70A /* CeliklerMarketUITests */,
				8859CAAA24833F2C002EDB5A /* Ozgurnd */,
				88038738245CB6640075F70A /* Products */,
				E962BC901372D77C7356AD9D /* Pods */,
				6D44A26A5417D922C2CED8AB /* Frameworks */,
			);
			sourceTree = "<group>";
		};
		88038738245CB6640075F70A /* Products */ = {
			isa = PBXGroup;
			children = (
				88038737245CB6640075F70A /* CeliklerMarket.app */,
				8803874D245CB6660075F70A /* CeliklerMarketTests.xctest */,
				88038758245CB6660075F70A /* CeliklerMarketUITests.xctest */,
				8859CAA924833F2C002EDB5A /* Ozgurnd.appex */,
			);
			name = Products;
			sourceTree = "<group>";
		};
		88038739245CB6640075F70A /* CeliklerMarket */ = {
			isa = PBXGroup;
			children = (
				887946FA246ADF7A003E522B /* CeliklerMarket.entitlements */,
				8803873A245CB6640075F70A /* AppDelegate.swift */,
				8803873C245CB6640075F70A /* SceneDelegate.swift */,
				882BA10B248820EF001843E6 /* Models */,
				882BA10A248820D4001843E6 /* Adaptors */,
				884E03632486A31C00D88F42 /* Controller */,
				884E03652486A34400D88F42 /* Storyboard */,
				88038743245CB6660075F70A /* Assets.xcassets */,
				88038745245CB6660075F70A /* LaunchScreen.storyboard */,
				885AED34247AB6F100820E86 /* GoogleService-Info.plist */,
				88038748245CB6660075F70A /* Info.plist */,
				88B2646E2479CE4500FD6303 /* CeliklerMarket */,
				8872ED732474203F000F0BA1 /* ProductCollectionViewCell.swift */,
				88A86AAF2489635100D09355 /* Model.xcdatamodeld */,
			);
			path = CeliklerMarket;
			sourceTree = "<group>";
		};
		88038750245CB6660075F70A /* CeliklerMarketTests */ = {
			isa = PBXGroup;
			children = (
				88038751245CB6660075F70A /* CeliklerMarketTests.swift */,
				88038753245CB6660075F70A /* Info.plist */,
			);
			path = CeliklerMarketTests;
			sourceTree = "<group>";
		};
		8803875B245CB6660075F70A /* CeliklerMarketUITests */ = {
			isa = PBXGroup;
			children = (
				8803875C245CB6660075F70A /* CeliklerMarketUITests.swift */,
				8803875E245CB6660075F70A /* Info.plist */,
			);
			path = CeliklerMarketUITests;
			sourceTree = "<group>";
		};
		882BA10A248820D4001843E6 /* Adaptors */ = {
			isa = PBXGroup;
			children = (
				882BA10E248821F0001843E6 /* ApiService.swift */,
			);
			path = Adaptors;
			sourceTree = "<group>";
		};
		882BA10B248820EF001843E6 /* Models */ = {
			isa = PBXGroup;
			children = (
				882BA10C248821D2001843E6 /* Models.swift */,
			);
			path = Models;
			sourceTree = "<group>";
		};
		884E03632486A31C00D88F42 /* Controller */ = {
			isa = PBXGroup;
			children = (
				8843238524BE2D8700FE7DFC /* catCollectionViewCell.swift */,
				8803873E245CB6640075F70A /* ViewController.swift */,
				887946FB246B496B003E522B /* CategoriesViewController.swift */,
				88786DB5246F2A4800D8EB9D /* SubCategoryViewController.swift */,
				885D6EB224811B4800806DD0 /* DeliveryAddressViewController.swift */,
				885D6EB4248187C600806DD0 /* SpecialOrderViewController.swift */,
				88A29E8B24844587006BF665 /* OrdersViewController.swift */,
				88A86AAD248957A500D09355 /* productsTableViewCell.swift */,
				88A34F98248A6FC5006D2CF0 /* CardsViewController.swift */,
				889C7F81248AA114004AF244 /* paymentViewController.swift */,
				889C7F83248AAE82004AF244 /* timeViewController.swift */,
				889C7F85248AAE8E004AF244 /* dayViewController.swift */,
				885CE9F2248AC44000ABACA3 /* dateViewController.swift */,
				8855580F248BFB4600B3A7D3 /* OrderDetailViewController.swift */,
				88555811248C2F6F00B3A7D3 /* addressViewController.swift */,
				88555813248C742C00B3A7D3 /* accountViewController.swift */,
				88648A8B248EB1C6006C7380 /* ContactViewController.swift */,
				888C56642490FDD20094A9C5 /* productDetailsViewController.swift */,
				888C5666249116A30094A9C5 /* notificationPageViewController.swift */,
				885D9A6A2498FFA5003CAD00 /* rootViewController.swift */,
			);
			path = Controller;
			sourceTree = "<group>";
		};
		884E03652486A34400D88F42 /* Storyboard */ = {
			isa = PBXGroup;
			children = (
				88038740245CB6640075F70A /* Main.storyboard */,
			);
			path = Storyboard;
			sourceTree = "<group>";
		};
		8859CAAA24833F2C002EDB5A /* Ozgurnd */ = {
			isa = PBXGroup;
			children = (
				88825CA224BFB31A00B8211B /* Ozgurnd.entitlements */,
				8859CAAB24833F2C002EDB5A /* NotificationService.swift */,
				8859CAAD24833F2C002EDB5A /* Info.plist */,
			);
			path = Ozgurnd;
			sourceTree = "<group>";
		};
		E962BC901372D77C7356AD9D /* Pods */ = {
			isa = PBXGroup;
			children = (
				45F823A9ABBE1A4E4719BE6E /* Pods-CeliklerMarket.debug.xcconfig */,
				5DB9306B989486075ADFC56A /* Pods-CeliklerMarket.release.xcconfig */,
				71DBE6DF71E799B3BC52FC37 /* Pods-CeliklerMarket-CeliklerMarketUITests.debug.xcconfig */,
				0E145CBF60365AD88E39C2EE /* Pods-CeliklerMarket-CeliklerMarketUITests.release.xcconfig */,
				A4DC7DDDE9E0E5DE13312E1D /* Pods-CeliklerMarketTests.debug.xcconfig */,
				F5C531C66FA24312155DF0B4 /* Pods-CeliklerMarketTests.release.xcconfig */,
			);
			path = Pods;
			sourceTree = "<group>";
		};
/* End PBXGroup section */

/* Begin PBXNativeTarget section */
		88038736245CB6640075F70A /* CeliklerMarket */ = {
			isa = PBXNativeTarget;
			buildConfigurationList = 88038761245CB6660075F70A /* Build configuration list for PBXNativeTarget "CeliklerMarket" */;
			buildPhases = (
				C9915CF7279AFDD74ADB1B6E /* [CP] Check Pods Manifest.lock */,
				88038733245CB6640075F70A /* Sources */,
				88038734245CB6640075F70A /* Frameworks */,
				88038735245CB6640075F70A /* Resources */,
				8859CAB124833F2C002EDB5A /* Embed App Extensions */,
				267C404D38C41459FE5391F5 /* [CP] Embed Pods Frameworks */,
			);
			buildRules = (
			);
			dependencies = (
				8859CAAF24833F2C002EDB5A /* PBXTargetDependency */,
			);
			name = CeliklerMarket;
			productName = CeliklerMarket;
			productReference = 88038737245CB6640075F70A /* CeliklerMarket.app */;
			productType = "com.apple.product-type.application";
		};
		8803874C245CB6660075F70A /* CeliklerMarketTests */ = {
			isa = PBXNativeTarget;
			buildConfigurationList = 88038764245CB6660075F70A /* Build configuration list for PBXNativeTarget "CeliklerMarketTests" */;
			buildPhases = (
				E892289B0198D753C69754B1 /* [CP] Check Pods Manifest.lock */,
				88038749245CB6660075F70A /* Sources */,
				8803874A245CB6660075F70A /* Frameworks */,
				8803874B245CB6660075F70A /* Resources */,
			);
			buildRules = (
			);
			dependencies = (
				8803874F245CB6660075F70A /* PBXTargetDependency */,
			);
			name = CeliklerMarketTests;
			productName = CeliklerMarketTests;
			productReference = 8803874D245CB6660075F70A /* CeliklerMarketTests.xctest */;
			productType = "com.apple.product-type.bundle.unit-test";
		};
		88038757245CB6660075F70A /* CeliklerMarketUITests */ = {
			isa = PBXNativeTarget;
			buildConfigurationList = 88038767245CB6660075F70A /* Build configuration list for PBXNativeTarget "CeliklerMarketUITests" */;
			buildPhases = (
				06B00089D1E9D99CF533659D /* [CP] Check Pods Manifest.lock */,
				88038754245CB6660075F70A /* Sources */,
				88038755245CB6660075F70A /* Frameworks */,
				88038756245CB6660075F70A /* Resources */,
				F26C00B65048CA71C7FC3592 /* [CP] Embed Pods Frameworks */,
			);
			buildRules = (
			);
			dependencies = (
				8803875A245CB6660075F70A /* PBXTargetDependency */,
			);
			name = CeliklerMarketUITests;
			productName = CeliklerMarketUITests;
			productReference = 88038758245CB6660075F70A /* CeliklerMarketUITests.xctest */;
			productType = "com.apple.product-type.bundle.ui-testing";
		};
		8859CAA824833F2C002EDB5A /* Ozgurnd */ = {
			isa = PBXNativeTarget;
			buildConfigurationList = 8859CAB424833F2C002EDB5A /* Build configuration list for PBXNativeTarget "Ozgurnd" */;
			buildPhases = (
				8859CAA524833F2C002EDB5A /* Sources */,
				8859CAA624833F2C002EDB5A /* Frameworks */,
				8859CAA724833F2C002EDB5A /* Resources */,
			);
			buildRules = (
			);
			dependencies = (
			);
			name = Ozgurnd;
			productName = Ozgurnd;
			productReference = 8859CAA924833F2C002EDB5A /* Ozgurnd.appex */;
			productType = "com.apple.product-type.app-extension";
		};
/* End PBXNativeTarget section */

/* Begin PBXProject section */
		8803872F245CB6640075F70A /* Project object */ = {
			isa = PBXProject;
			attributes = {
				DefaultBuildSystemTypeForWorkspace = Original;
				LastSwiftUpdateCheck = 1150;
				LastUpgradeCheck = 1150;
				ORGANIZATIONNAME = OzguRND;
				TargetAttributes = {
					88038736245CB6640075F70A = {
						CreatedOnToolsVersion = 11.4.1;
					};
					8803874C245CB6660075F70A = {
						CreatedOnToolsVersion = 11.4.1;
						TestTargetID = 88038736245CB6640075F70A;
					};
					88038757245CB6660075F70A = {
						CreatedOnToolsVersion = 11.4.1;
						TestTargetID = 88038736245CB6640075F70A;
					};
					8859CAA824833F2C002EDB5A = {
						CreatedOnToolsVersion = 11.5;
					};
				};
			};
			buildConfigurationList = 88038732245CB6640075F70A /* Build configuration list for PBXProject "CeliklerMarket" */;
			compatibilityVersion = "Xcode 11.4";
			developmentRegion = en;
			hasScannedForEncodings = 0;
			knownRegions = (
				en,
				Base,
				"tr-TR",
			);
			mainGroup = 8803872E245CB6640075F70A;
			productRefGroup = 88038738245CB6640075F70A /* Products */;
			projectDirPath = "";
			projectRoot = "";
			targets = (
				88038736245CB6640075F70A /* CeliklerMarket */,
				8803874C245CB6660075F70A /* CeliklerMarketTests */,
				88038757245CB6660075F70A /* CeliklerMarketUITests */,
				8859CAA824833F2C002EDB5A /* Ozgurnd */,
			);
		};
/* End PBXProject section */

/* Begin PBXResourcesBuildPhase section */
		88038735245CB6640075F70A /* Resources */ = {
			isa = PBXResourcesBuildPhase;
			buildActionMask = 2147483647;
			files = (
				885AED36247AB95200820E86 /* Main.storyboard in Resources */,
				885AC6A2248B051700C72869 /* LaunchScreen.storyboard in Resources */,
				885AED38247AC08400820E86 /* Assets.xcassets in Resources */,
				885AED37247AC06F00820E86 /* GoogleService-Info.plist in Resources */,
			);
			runOnlyForDeploymentPostprocessing = 0;
		};
		8803874B245CB6660075F70A /* Resources */ = {
			isa = PBXResourcesBuildPhase;
			buildActionMask = 2147483647;
			files = (
			);
			runOnlyForDeploymentPostprocessing = 0;
		};
		88038756245CB6660075F70A /* Resources */ = {
			isa = PBXResourcesBuildPhase;
			buildActionMask = 2147483647;
			files = (
			);
			runOnlyForDeploymentPostprocessing = 0;
		};
		8859CAA724833F2C002EDB5A /* Resources */ = {
			isa = PBXResourcesBuildPhase;
			buildActionMask = 2147483647;
			files = (
			);
			runOnlyForDeploymentPostprocessing = 0;
		};
/* End PBXResourcesBuildPhase section */

/* Begin PBXShellScriptBuildPhase section */
		06B00089D1E9D99CF533659D /* [CP] Check Pods Manifest.lock */ = {
			isa = PBXShellScriptBuildPhase;
			buildActionMask = 2147483647;
			files = (
			);
			inputFileListPaths = (
			);
			inputPaths = (
				"${PODS_PODFILE_DIR_PATH}/Podfile.lock",
				"${PODS_ROOT}/Manifest.lock",
			);
			name = "[CP] Check Pods Manifest.lock";
			outputFileListPaths = (
			);
			outputPaths = (
				"$(DERIVED_FILE_DIR)/Pods-CeliklerMarket-CeliklerMarketUITests-checkManifestLockResult.txt",
			);
			runOnlyForDeploymentPostprocessing = 0;
			shellPath = /bin/sh;
			shellScript = "diff \"${PODS_PODFILE_DIR_PATH}/Podfile.lock\" \"${PODS_ROOT}/Manifest.lock\" > /dev/null\nif [ $? != 0 ] ; then\n    # print error to STDERR\n    echo \"error: The sandbox is not in sync with the Podfile.lock. Run 'pod install' or update your CocoaPods installation.\" >&2\n    exit 1\nfi\n# This output is used by Xcode 'outputs' to avoid re-running this script phase.\necho \"SUCCESS\" > \"${SCRIPT_OUTPUT_FILE_0}\"\n";
			showEnvVarsInLog = 0;
		};
		267C404D38C41459FE5391F5 /* [CP] Embed Pods Frameworks */ = {
			isa = PBXShellScriptBuildPhase;
			buildActionMask = 2147483647;
			files = (
			);
			inputFileListPaths = (
				"${PODS_ROOT}/Target Support Files/Pods-CeliklerMarket/Pods-CeliklerMarket-frameworks-${CONFIGURATION}-input-files.xcfilelist",
			);
			name = "[CP] Embed Pods Frameworks";
			outputFileListPaths = (
				"${PODS_ROOT}/Target Support Files/Pods-CeliklerMarket/Pods-CeliklerMarket-frameworks-${CONFIGURATION}-output-files.xcfilelist",
			);
			runOnlyForDeploymentPostprocessing = 0;
			shellPath = /bin/sh;
			shellScript = "\"${PODS_ROOT}/Target Support Files/Pods-CeliklerMarket/Pods-CeliklerMarket-frameworks.sh\"\n";
			showEnvVarsInLog = 0;
		};
		C9915CF7279AFDD74ADB1B6E /* [CP] Check Pods Manifest.lock */ = {
			isa = PBXShellScriptBuildPhase;
			buildActionMask = 2147483647;
			files = (
			);
			inputFileListPaths = (
			);
			inputPaths = (
				"${PODS_PODFILE_DIR_PATH}/Podfile.lock",
				"${PODS_ROOT}/Manifest.lock",
			);
			name = "[CP] Check Pods Manifest.lock";
			outputFileListPaths = (
			);
			outputPaths = (
				"$(DERIVED_FILE_DIR)/Pods-CeliklerMarket-checkManifestLockResult.txt",
			);
			runOnlyForDeploymentPostprocessing = 0;
			shellPath = /bin/sh;
			shellScript = "diff \"${PODS_PODFILE_DIR_PATH}/Podfile.lock\" \"${PODS_ROOT}/Manifest.lock\" > /dev/null\nif [ $? != 0 ] ; then\n    # print error to STDERR\n    echo \"error: The sandbox is not in sync with the Podfile.lock. Run 'pod install' or update your CocoaPods installation.\" >&2\n    exit 1\nfi\n# This output is used by Xcode 'outputs' to avoid re-running this script phase.\necho \"SUCCESS\" > \"${SCRIPT_OUTPUT_FILE_0}\"\n";
			showEnvVarsInLog = 0;
		};
		E892289B0198D753C69754B1 /* [CP] Check Pods Manifest.lock */ = {
			isa = PBXShellScriptBuildPhase;
			buildActionMask = 2147483647;
			files = (
			);
			inputFileListPaths = (
			);
			inputPaths = (
				"${PODS_PODFILE_DIR_PATH}/Podfile.lock",
				"${PODS_ROOT}/Manifest.lock",
			);
			name = "[CP] Check Pods Manifest.lock";
			outputFileListPaths = (
			);
			outputPaths = (
				"$(DERIVED_FILE_DIR)/Pods-CeliklerMarketTests-checkManifestLockResult.txt",
			);
			runOnlyForDeploymentPostprocessing = 0;
			shellPath = /bin/sh;
			shellScript = "diff \"${PODS_PODFILE_DIR_PATH}/Podfile.lock\" \"${PODS_ROOT}/Manifest.lock\" > /dev/null\nif [ $? != 0 ] ; then\n    # print error to STDERR\n    echo \"error: The sandbox is not in sync with the Podfile.lock. Run 'pod install' or update your CocoaPods installation.\" >&2\n    exit 1\nfi\n# This output is used by Xcode 'outputs' to avoid re-running this script phase.\necho \"SUCCESS\" > \"${SCRIPT_OUTPUT_FILE_0}\"\n";
			showEnvVarsInLog = 0;
		};
		F26C00B65048CA71C7FC3592 /* [CP] Embed Pods Frameworks */ = {
			isa = PBXShellScriptBuildPhase;
			buildActionMask = 2147483647;
			files = (
			);
			inputFileListPaths = (
				"${PODS_ROOT}/Target Support Files/Pods-CeliklerMarket-CeliklerMarketUITests/Pods-CeliklerMarket-CeliklerMarketUITests-frameworks-${CONFIGURATION}-input-files.xcfilelist",
			);
			name = "[CP] Embed Pods Frameworks";
			outputFileListPaths = (
				"${PODS_ROOT}/Target Support Files/Pods-CeliklerMarket-CeliklerMarketUITests/Pods-CeliklerMarket-CeliklerMarketUITests-frameworks-${CONFIGURATION}-output-files.xcfilelist",
			);
			runOnlyForDeploymentPostprocessing = 0;
			shellPath = /bin/sh;
			shellScript = "\"${PODS_ROOT}/Target Support Files/Pods-CeliklerMarket-CeliklerMarketUITests/Pods-CeliklerMarket-CeliklerMarketUITests-frameworks.sh\"\n";
			showEnvVarsInLog = 0;
		};
/* End PBXShellScriptBuildPhase section */

/* Begin PBXSourcesBuildPhase section */
		88038733245CB6640075F70A /* Sources */ = {
			isa = PBXSourcesBuildPhase;
			buildActionMask = 2147483647;
			files = (
				8803873F245CB6640075F70A /* ViewController.swift in Sources */,
				88555814248C742F00B3A7D3 /* accountViewController.swift in Sources */,
				88A86AAE248957A500D09355 /* productsTableViewCell.swift in Sources */,
				889C7F82248AA114004AF244 /* paymentViewController.swift in Sources */,
				888C56652490FDD20094A9C5 /* productDetailsViewController.swift in Sources */,
				88555810248BFB4600B3A7D3 /* OrderDetailViewController.swift in Sources */,
				88786DB6246F2A4800D8EB9D /* SubCategoryViewController.swift in Sources */,
				889C7F84248AAE82004AF244 /* timeViewController.swift in Sources */,
				88648A8C248EB1C6006C7380 /* ContactViewController.swift in Sources */,
				882BA10D248821D2001843E6 /* Models.swift in Sources */,
				88555812248C2F7000B3A7D3 /* addressViewController.swift in Sources */,
				8872ED742474203F000F0BA1 /* ProductCollectionViewCell.swift in Sources */,
				88A34F99248A6FC5006D2CF0 /* CardsViewController.swift in Sources */,
				8803873B245CB6640075F70A /* AppDelegate.swift in Sources */,
				88A29E8C24844587006BF665 /* OrdersViewController.swift in Sources */,
				8803873D245CB6640075F70A /* SceneDelegate.swift in Sources */,
				882BA10F248821F0001843E6 /* ApiService.swift in Sources */,
				88A86AB12489635100D09355 /* Model.xcdatamodeld in Sources */,
				887946FC246B496B003E522B /* CategoriesViewController.swift in Sources */,
				8843238624BE2D8700FE7DFC /* catCollectionViewCell.swift in Sources */,
				885D6EB324811B4800806DD0 /* DeliveryAddressViewController.swift in Sources */,
				885CE9F3248AC44000ABACA3 /* dateViewController.swift in Sources */,
				885D6EB5248187C600806DD0 /* SpecialOrderViewController.swift in Sources */,
				889C7F86248AAE8E004AF244 /* dayViewController.swift in Sources */,
				885D9A6B2498FFA5003CAD00 /* rootViewController.swift in Sources */,
				888C5667249116A30094A9C5 /* notificationPageViewController.swift in Sources */,
			);
			runOnlyForDeploymentPostprocessing = 0;
		};
		88038749245CB6660075F70A /* Sources */ = {
			isa = PBXSourcesBuildPhase;
			buildActionMask = 2147483647;
			files = (
				88038752245CB6660075F70A /* CeliklerMarketTests.swift in Sources */,
			);
			runOnlyForDeploymentPostprocessing = 0;
		};
		88038754245CB6660075F70A /* Sources */ = {
			isa = PBXSourcesBuildPhase;
			buildActionMask = 2147483647;
			files = (
				8803875D245CB6660075F70A /* CeliklerMarketUITests.swift in Sources */,
			);
			runOnlyForDeploymentPostprocessing = 0;
		};
		8859CAA524833F2C002EDB5A /* Sources */ = {
			isa = PBXSourcesBuildPhase;
			buildActionMask = 2147483647;
			files = (
				8859CAAC24833F2C002EDB5A /* NotificationService.swift in Sources */,
			);
			runOnlyForDeploymentPostprocessing = 0;
		};
/* End PBXSourcesBuildPhase section */

/* Begin PBXTargetDependency section */
		8803874F245CB6660075F70A /* PBXTargetDependency */ = {
			isa = PBXTargetDependency;
			target = 88038736245CB6640075F70A /* CeliklerMarket */;
			targetProxy = 8803874E245CB6660075F70A /* PBXContainerItemProxy */;
		};
		8803875A245CB6660075F70A /* PBXTargetDependency */ = {
			isa = PBXTargetDependency;
			target = 88038736245CB6640075F70A /* CeliklerMarket */;
			targetProxy = 88038759245CB6660075F70A /* PBXContainerItemProxy */;
		};
		8859CAAF24833F2C002EDB5A /* PBXTargetDependency */ = {
			isa = PBXTargetDependency;
			target = 8859CAA824833F2C002EDB5A /* Ozgurnd */;
			targetProxy = 8859CAAE24833F2C002EDB5A /* PBXContainerItemProxy */;
		};
/* End PBXTargetDependency section */

/* Begin PBXVariantGroup section */
		88038740245CB6640075F70A /* Main.storyboard */ = {
			isa = PBXVariantGroup;
			children = (
				88038741245CB6640075F70A /* Base */,
				884DEBD624BD070D001B9499 /* en */,
				884DEBD724BD072B001B9499 /* tr-TR */,
			);
			name = Main.storyboard;
			sourceTree = "<group>";
		};
		88038745245CB6660075F70A /* LaunchScreen.storyboard */ = {
			isa = PBXVariantGroup;
			children = (
				88038746245CB6660075F70A /* Base */,
				884DEBD524BCCF6B001B9499 /* tr-TR */,
			);
			name = LaunchScreen.storyboard;
			sourceTree = "<group>";
		};
/* End PBXVariantGroup section */

/* Begin XCBuildConfiguration section */
		8803875F245CB6660075F70A /* Debug */ = {
			isa = XCBuildConfiguration;
			buildSettings = {
				ALWAYS_SEARCH_USER_PATHS = NO;
				CLANG_ANALYZER_LOCALIZABILITY_NONLOCALIZED = YES;
				CLANG_ANALYZER_NONNULL = YES;
				CLANG_ANALYZER_NUMBER_OBJECT_CONVERSION = YES_AGGRESSIVE;
				CLANG_CXX_LANGUAGE_STANDARD = "gnu++14";
				CLANG_CXX_LIBRARY = "libc++";
				CLANG_ENABLE_MODULES = YES;
				CLANG_ENABLE_OBJC_ARC = YES;
				CLANG_ENABLE_OBJC_WEAK = YES;
				CLANG_WARN_BLOCK_CAPTURE_AUTORELEASING = YES;
				CLANG_WARN_BOOL_CONVERSION = YES;
				CLANG_WARN_COMMA = YES;
				CLANG_WARN_CONSTANT_CONVERSION = YES;
				CLANG_WARN_DEPRECATED_OBJC_IMPLEMENTATIONS = YES;
				CLANG_WARN_DIRECT_OBJC_ISA_USAGE = YES_ERROR;
				CLANG_WARN_DOCUMENTATION_COMMENTS = YES;
				CLANG_WARN_EMPTY_BODY = YES;
				CLANG_WARN_ENUM_CONVERSION = YES;
				CLANG_WARN_INFINITE_RECURSION = YES;
				CLANG_WARN_INT_CONVERSION = YES;
				CLANG_WARN_NON_LITERAL_NULL_CONVERSION = YES;
				CLANG_WARN_OBJC_IMPLICIT_RETAIN_SELF = YES;
				CLANG_WARN_OBJC_LITERAL_CONVERSION = YES;
				CLANG_WARN_OBJC_ROOT_CLASS = YES_ERROR;
				CLANG_WARN_RANGE_LOOP_ANALYSIS = YES;
				CLANG_WARN_STRICT_PROTOTYPES = YES;
				CLANG_WARN_SUSPICIOUS_MOVE = YES;
				CLANG_WARN_UNGUARDED_AVAILABILITY = YES_AGGRESSIVE;
				CLANG_WARN_UNREACHABLE_CODE = YES;
				CLANG_WARN__DUPLICATE_METHOD_MATCH = YES;
				COPY_PHASE_STRIP = NO;
				DEBUG_INFORMATION_FORMAT = dwarf;
				ENABLE_STRICT_OBJC_MSGSEND = YES;
				ENABLE_TESTABILITY = YES;
				GCC_C_LANGUAGE_STANDARD = gnu11;
				GCC_DYNAMIC_NO_PIC = NO;
				GCC_NO_COMMON_BLOCKS = YES;
				GCC_OPTIMIZATION_LEVEL = 0;
				GCC_PREPROCESSOR_DEFINITIONS = (
					"DEBUG=1",
					"$(inherited)",
				);
				GCC_WARN_64_TO_32_BIT_CONVERSION = YES;
				GCC_WARN_ABOUT_RETURN_TYPE = YES_ERROR;
				GCC_WARN_UNDECLARED_SELECTOR = YES;
				GCC_WARN_UNINITIALIZED_AUTOS = YES_AGGRESSIVE;
				GCC_WARN_UNUSED_FUNCTION = YES;
				GCC_WARN_UNUSED_VARIABLE = YES;
				IPHONEOS_DEPLOYMENT_TARGET = 13.4;
				MTL_ENABLE_DEBUG_INFO = INCLUDE_SOURCE;
				MTL_FAST_MATH = YES;
				ONLY_ACTIVE_ARCH = YES;
				SDKROOT = iphoneos;
				SWIFT_ACTIVE_COMPILATION_CONDITIONS = DEBUG;
				SWIFT_OPTIMIZATION_LEVEL = "-Onone";
			};
			name = Debug;
		};
		88038760245CB6660075F70A /* Release */ = {
			isa = XCBuildConfiguration;
			buildSettings = {
				ALWAYS_SEARCH_USER_PATHS = NO;
				CLANG_ANALYZER_LOCALIZABILITY_NONLOCALIZED = YES;
				CLANG_ANALYZER_NONNULL = YES;
				CLANG_ANALYZER_NUMBER_OBJECT_CONVERSION = YES_AGGRESSIVE;
				CLANG_CXX_LANGUAGE_STANDARD = "gnu++14";
				CLANG_CXX_LIBRARY = "libc++";
				CLANG_ENABLE_MODULES = YES;
				CLANG_ENABLE_OBJC_ARC = YES;
				CLANG_ENABLE_OBJC_WEAK = YES;
				CLANG_WARN_BLOCK_CAPTURE_AUTORELEASING = YES;
				CLANG_WARN_BOOL_CONVERSION = YES;
				CLANG_WARN_COMMA = YES;
				CLANG_WARN_CONSTANT_CONVERSION = YES;
				CLANG_WARN_DEPRECATED_OBJC_IMPLEMENTATIONS = YES;
				CLANG_WARN_DIRECT_OBJC_ISA_USAGE = YES_ERROR;
				CLANG_WARN_DOCUMENTATION_COMMENTS = YES;
				CLANG_WARN_EMPTY_BODY = YES;
				CLANG_WARN_ENUM_CONVERSION = YES;
				CLANG_WARN_INFINITE_RECURSION = YES;
				CLANG_WARN_INT_CONVERSION = YES;
				CLANG_WARN_NON_LITERAL_NULL_CONVERSION = YES;
				CLANG_WARN_OBJC_IMPLICIT_RETAIN_SELF = YES;
				CLANG_WARN_OBJC_LITERAL_CONVERSION = YES;
				CLANG_WARN_OBJC_ROOT_CLASS = YES_ERROR;
				CLANG_WARN_RANGE_LOOP_ANALYSIS = YES;
				CLANG_WARN_STRICT_PROTOTYPES = YES;
				CLANG_WARN_SUSPICIOUS_MOVE = YES;
				CLANG_WARN_UNGUARDED_AVAILABILITY = YES_AGGRESSIVE;
				CLANG_WARN_UNREACHABLE_CODE = YES;
				CLANG_WARN__DUPLICATE_METHOD_MATCH = YES;
				COPY_PHASE_STRIP = NO;
				DEBUG_INFORMATION_FORMAT = "dwarf-with-dsym";
				ENABLE_NS_ASSERTIONS = NO;
				ENABLE_STRICT_OBJC_MSGSEND = YES;
				GCC_C_LANGUAGE_STANDARD = gnu11;
				GCC_NO_COMMON_BLOCKS = YES;
				GCC_WARN_64_TO_32_BIT_CONVERSION = YES;
				GCC_WARN_ABOUT_RETURN_TYPE = YES_ERROR;
				GCC_WARN_UNDECLARED_SELECTOR = YES;
				GCC_WARN_UNINITIALIZED_AUTOS = YES_AGGRESSIVE;
				GCC_WARN_UNUSED_FUNCTION = YES;
				GCC_WARN_UNUSED_VARIABLE = YES;
				IPHONEOS_DEPLOYMENT_TARGET = 13.4;
				MTL_ENABLE_DEBUG_INFO = NO;
				MTL_FAST_MATH = YES;
				SDKROOT = iphoneos;
				SWIFT_COMPILATION_MODE = wholemodule;
				SWIFT_OPTIMIZATION_LEVEL = "-O";
				VALIDATE_PRODUCT = YES;
			};
			name = Release;
		};
		88038762245CB6660075F70A /* Debug */ = {
			isa = XCBuildConfiguration;
			baseConfigurationReference = 45F823A9ABBE1A4E4719BE6E /* Pods-CeliklerMarket.debug.xcconfig */;
			buildSettings = {
				ALWAYS_EMBED_SWIFT_STANDARD_LIBRARIES = YES;
				ASSETCATALOG_COMPILER_APPICON_NAME = AppIcon;
				CODE_SIGN_ENTITLEMENTS = CeliklerMarket/CeliklerMarket.entitlements;
				CODE_SIGN_IDENTITY = "Apple Development";
				CODE_SIGN_STYLE = Automatic;
				CURRENT_PROJECT_VERSION = 1;
				DEVELOPMENT_TEAM = PRL64D4YUA;
				INFOPLIST_FILE = CeliklerMarket/Info.plist;
				IPHONEOS_DEPLOYMENT_TARGET = 12.0;
				LD_RUNPATH_SEARCH_PATHS = (
					"$(inherited)",
					"@executable_path/Frameworks",
				);
				MARKETING_VERSION = 1.9.1;
				PRODUCT_BUNDLE_IDENTIFIER = com.OzguRND.CeliklerMarket;
				PRODUCT_NAME = "$(TARGET_NAME)";
				PROVISIONING_PROFILE_SPECIFIER = "";
				SWIFT_OPTIMIZATION_LEVEL = "-O";
				SWIFT_VERSION = 5.0;
				TARGETED_DEVICE_FAMILY = 1;
			};
			name = Debug;
		};
		88038763245CB6660075F70A /* Release */ = {
			isa = XCBuildConfiguration;
			baseConfigurationReference = 5DB9306B989486075ADFC56A /* Pods-CeliklerMarket.release.xcconfig */;
			buildSettings = {
				ALWAYS_EMBED_SWIFT_STANDARD_LIBRARIES = YES;
				ASSETCATALOG_COMPILER_APPICON_NAME = AppIcon;
				CODE_SIGN_ENTITLEMENTS = CeliklerMarket/CeliklerMarket.entitlements;
				CODE_SIGN_IDENTITY = "Apple Development";
				CODE_SIGN_STYLE = Automatic;
				CURRENT_PROJECT_VERSION = 1;
				DEVELOPMENT_TEAM = PRL64D4YUA;
				INFOPLIST_FILE = CeliklerMarket/Info.plist;
				IPHONEOS_DEPLOYMENT_TARGET = 12.0;
				LD_RUNPATH_SEARCH_PATHS = (
					"$(inherited)",
					"@executable_path/Frameworks",
				);
				MARKETING_VERSION = 1.9.1;
				PRODUCT_BUNDLE_IDENTIFIER = com.OzguRND.CeliklerMarket;
				PRODUCT_NAME = "$(TARGET_NAME)";
				PROVISIONING_PROFILE_SPECIFIER = "";
				SWIFT_COMPILATION_MODE = wholemodule;
				SWIFT_VERSION = 5.0;
				TARGETED_DEVICE_FAMILY = 1;
			};
			name = Release;
		};
		88038765245CB6660075F70A /* Debug */ = {
			isa = XCBuildConfiguration;
			baseConfigurationReference = A4DC7DDDE9E0E5DE13312E1D /* Pods-CeliklerMarketTests.debug.xcconfig */;
			buildSettings = {
				ALWAYS_EMBED_SWIFT_STANDARD_LIBRARIES = YES;
				BUNDLE_LOADER = "$(TEST_HOST)";
				CODE_SIGN_STYLE = Automatic;
				INFOPLIST_FILE = CeliklerMarketTests/Info.plist;
				IPHONEOS_DEPLOYMENT_TARGET = 13.4;
				LD_RUNPATH_SEARCH_PATHS = (
					"$(inherited)",
					"@executable_path/Frameworks",
					"@loader_path/Frameworks",
				);
				PRODUCT_BUNDLE_IDENTIFIER = OzguRND.CeliklerMarketTests;
				PRODUCT_NAME = "$(TARGET_NAME)";
				SWIFT_VERSION = 5.0;
				TARGETED_DEVICE_FAMILY = "1,2";
				TEST_HOST = "$(BUILT_PRODUCTS_DIR)/CeliklerMarket.app/CeliklerMarket";
			};
			name = Debug;
		};
		88038766245CB6660075F70A /* Release */ = {
			isa = XCBuildConfiguration;
			baseConfigurationReference = F5C531C66FA24312155DF0B4 /* Pods-CeliklerMarketTests.release.xcconfig */;
			buildSettings = {
				ALWAYS_EMBED_SWIFT_STANDARD_LIBRARIES = YES;
				BUNDLE_LOADER = "$(TEST_HOST)";
				CODE_SIGN_STYLE = Automatic;
				INFOPLIST_FILE = CeliklerMarketTests/Info.plist;
				IPHONEOS_DEPLOYMENT_TARGET = 13.4;
				LD_RUNPATH_SEARCH_PATHS = (
					"$(inherited)",
					"@executable_path/Frameworks",
					"@loader_path/Frameworks",
				);
				PRODUCT_BUNDLE_IDENTIFIER = OzguRND.CeliklerMarketTests;
				PRODUCT_NAME = "$(TARGET_NAME)";
				SWIFT_VERSION = 5.0;
				TARGETED_DEVICE_FAMILY = "1,2";
				TEST_HOST = "$(BUILT_PRODUCTS_DIR)/CeliklerMarket.app/CeliklerMarket";
			};
			name = Release;
		};
		88038768245CB6660075F70A /* Debug */ = {
			isa = XCBuildConfiguration;
			baseConfigurationReference = 71DBE6DF71E799B3BC52FC37 /* Pods-CeliklerMarket-CeliklerMarketUITests.debug.xcconfig */;
			buildSettings = {
				ALWAYS_EMBED_SWIFT_STANDARD_LIBRARIES = YES;
				CODE_SIGN_STYLE = Automatic;
				INFOPLIST_FILE = CeliklerMarketUITests/Info.plist;
				LD_RUNPATH_SEARCH_PATHS = (
					"$(inherited)",
					"@executable_path/Frameworks",
					"@loader_path/Frameworks",
				);
				PRODUCT_BUNDLE_IDENTIFIER = OzguRND.CeliklerMarketUITests;
				PRODUCT_NAME = "$(TARGET_NAME)";
				SWIFT_VERSION = 5.0;
				TARGETED_DEVICE_FAMILY = "1,2";
				TEST_TARGET_NAME = CeliklerMarket;
			};
			name = Debug;
		};
		88038769245CB6660075F70A /* Release */ = {
			isa = XCBuildConfiguration;
			baseConfigurationReference = 0E145CBF60365AD88E39C2EE /* Pods-CeliklerMarket-CeliklerMarketUITests.release.xcconfig */;
			buildSettings = {
				ALWAYS_EMBED_SWIFT_STANDARD_LIBRARIES = YES;
				CODE_SIGN_STYLE = Automatic;
				INFOPLIST_FILE = CeliklerMarketUITests/Info.plist;
				LD_RUNPATH_SEARCH_PATHS = (
					"$(inherited)",
					"@executable_path/Frameworks",
					"@loader_path/Frameworks",
				);
				PRODUCT_BUNDLE_IDENTIFIER = OzguRND.CeliklerMarketUITests;
				PRODUCT_NAME = "$(TARGET_NAME)";
				SWIFT_VERSION = 5.0;
				TARGETED_DEVICE_FAMILY = "1,2";
				TEST_TARGET_NAME = CeliklerMarket;
			};
			name = Release;
		};
		8859CAB224833F2C002EDB5A /* Debug */ = {
			isa = XCBuildConfiguration;
			buildSettings = {
				CODE_SIGN_ENTITLEMENTS = Ozgurnd/Ozgurnd.entitlements;
				CODE_SIGN_IDENTITY = "Apple Development";
				CODE_SIGN_STYLE = Automatic;
				CURRENT_PROJECT_VERSION = 1;
				DEVELOPMENT_TEAM = PRL64D4YUA;
				INFOPLIST_FILE = Ozgurnd/Info.plist;
				IPHONEOS_DEPLOYMENT_TARGET = 12.4;
				LD_RUNPATH_SEARCH_PATHS = (
					"$(inherited)",
					"@executable_path/Frameworks",
					"@executable_path/../../Frameworks",
				);
				MARKETING_VERSION = 1.9.1;
				PRODUCT_BUNDLE_IDENTIFIER = com.OzguRND.CeliklerMarket.Ozgurnd;
				PRODUCT_NAME = "$(TARGET_NAME)";
				PROVISIONING_PROFILE_SPECIFIER = "";
				SKIP_INSTALL = YES;
				SWIFT_VERSION = 5.0;
				TARGETED_DEVICE_FAMILY = "1,2";
			};
			name = Debug;
		};
		8859CAB324833F2C002EDB5A /* Release */ = {
			isa = XCBuildConfiguration;
			buildSettings = {
				CODE_SIGN_ENTITLEMENTS = Ozgurnd/Ozgurnd.entitlements;
				CODE_SIGN_IDENTITY = "Apple Development";
				CODE_SIGN_STYLE = Automatic;
				CURRENT_PROJECT_VERSION = 1;
				DEVELOPMENT_TEAM = PRL64D4YUA;
				INFOPLIST_FILE = Ozgurnd/Info.plist;
				IPHONEOS_DEPLOYMENT_TARGET = 12.4;
				LD_RUNPATH_SEARCH_PATHS = (
					"$(inherited)",
					"@executable_path/Frameworks",
					"@executable_path/../../Frameworks",
				);
				MARKETING_VERSION = 1.9.1;
				ONLY_ACTIVE_ARCH = NO;
				PRODUCT_BUNDLE_IDENTIFIER = com.OzguRND.CeliklerMarket.Ozgurnd;
				PRODUCT_NAME = "$(TARGET_NAME)";
				PROVISIONING_PROFILE_SPECIFIER = "";
				SKIP_INSTALL = YES;
				SWIFT_VERSION = 5.0;
				TARGETED_DEVICE_FAMILY = "1,2";
			};
			name = Release;
		};
/* End XCBuildConfiguration section */

/* Begin XCConfigurationList section */
		88038732245CB6640075F70A /* Build configuration list for PBXProject "CeliklerMarket" */ = {
			isa = XCConfigurationList;
			buildConfigurations = (
				8803875F245CB6660075F70A /* Debug */,
				88038760245CB6660075F70A /* Release */,
			);
			defaultConfigurationIsVisible = 0;
			defaultConfigurationName = Release;
		};
		88038761245CB6660075F70A /* Build configuration list for PBXNativeTarget "CeliklerMarket" */ = {
			isa = XCConfigurationList;
			buildConfigurations = (
				88038762245CB6660075F70A /* Debug */,
				88038763245CB6660075F70A /* Release */,
			);
			defaultConfigurationIsVisible = 0;
			defaultConfigurationName = Release;
		};
		88038764245CB6660075F70A /* Build configuration list for PBXNativeTarget "CeliklerMarketTests" */ = {
			isa = XCConfigurationList;
			buildConfigurations = (
				88038765245CB6660075F70A /* Debug */,
				88038766245CB6660075F70A /* Release */,
			);
			defaultConfigurationIsVisible = 0;
			defaultConfigurationName = Release;
		};
		88038767245CB6660075F70A /* Build configuration list for PBXNativeTarget "CeliklerMarketUITests" */ = {
			isa = XCConfigurationList;
			buildConfigurations = (
				88038768245CB6660075F70A /* Debug */,
				88038769245CB6660075F70A /* Release */,
			);
			defaultConfigurationIsVisible = 0;
			defaultConfigurationName = Release;
		};
		8859CAB424833F2C002EDB5A /* Build configuration list for PBXNativeTarget "Ozgurnd" */ = {
			isa = XCConfigurationList;
			buildConfigurations = (
				8859CAB224833F2C002EDB5A /* Debug */,
				8859CAB324833F2C002EDB5A /* Release */,
			);
			defaultConfigurationIsVisible = 0;
			defaultConfigurationName = Release;
		};
/* End XCConfigurationList section */

/* Begin XCVersionGroup section */
		88A86AAF2489635100D09355 /* Model.xcdatamodeld */ = {
			isa = XCVersionGroup;
			children = (
				88A86AB02489635100D09355 /* Model.xcdatamodel */,
			);
			currentVersion = 88A86AB02489635100D09355 /* Model.xcdatamodel */;
			path = Model.xcdatamodeld;
			sourceTree = "<group>";
			versionGroupType = wrapper.xcdatamodel;
		};
/* End XCVersionGroup section */
	};
	rootObject = 8803872F245CB6640075F70A /* Project object */;
}
